{
  "requires": true,
  "lockfileVersion": 1,
  "dependencies": {
    "@ckeditor/ckeditor5-clipboard": {
      "version": "25.0.0",
      "resolved": "https://registry.npmjs.org/@ckeditor/ckeditor5-clipboard/-/ckeditor5-clipboard-25.0.0.tgz",
      "integrity": "sha512-r/Sq1bD/wVWo/NL848kxfY7PpPP2C9yoytSBP72cL2/VefjV8izM3MXFwk0y6lbttRyiTDpOKwuYRDcx2azy1g==",
      "requires": {
        "@ckeditor/ckeditor5-core": "^25.0.0",
        "@ckeditor/ckeditor5-engine": "^25.0.0",
        "@ckeditor/ckeditor5-utils": "^25.0.0"
      }
    },
    "@ckeditor/ckeditor5-core": {
      "version": "25.0.0",
      "resolved": "https://registry.npmjs.org/@ckeditor/ckeditor5-core/-/ckeditor5-core-25.0.0.tgz",
      "integrity": "sha512-fNeEiWlrIye5XfeMlGtOUNwq/JFvqIla10hGepunNcd/0rLRMVFcbqNY2UFrQvjn84ZaE3i322cyzm3jVt5ZVQ==",
      "requires": {
        "@ckeditor/ckeditor5-engine": "^25.0.0",
        "@ckeditor/ckeditor5-ui": "^25.0.0",
        "@ckeditor/ckeditor5-utils": "^25.0.0",
        "lodash-es": "^4.17.15"
      }
    },
    "@ckeditor/ckeditor5-engine": {
      "version": "25.0.0",
      "resolved": "https://registry.npmjs.org/@ckeditor/ckeditor5-engine/-/ckeditor5-engine-25.0.0.tgz",
      "integrity": "sha512-NgTzMMemO2qG6eH9NGHpcMNsvMhRtBuLz8w0fBsvgC2Ct4sYJIbbPudy8Sgswoy7kG9gHRqMrfnZYCWCdcoFhA==",
      "requires": {
        "@ckeditor/ckeditor5-utils": "^25.0.0",
        "lodash-es": "^4.17.15"
      }
    },
    "@ckeditor/ckeditor5-image": {
      "version": "25.0.0",
      "resolved": "https://registry.npmjs.org/@ckeditor/ckeditor5-image/-/ckeditor5-image-25.0.0.tgz",
      "integrity": "sha512-CVLgkDtQJd2ySl9ZAeQHva/O5HUadD7xxDwiG0nm+nNvV2NapsIoA4Y47urHXqdhavZrGNMDlyRIMdUpJZ5EMg==",
      "requires": {
        "@ckeditor/ckeditor5-clipboard": "^25.0.0",
        "@ckeditor/ckeditor5-core": "^25.0.0",
        "@ckeditor/ckeditor5-engine": "^25.0.0",
        "@ckeditor/ckeditor5-ui": "^25.0.0",
        "@ckeditor/ckeditor5-undo": "^25.0.0",
        "@ckeditor/ckeditor5-upload": "^25.0.0",
        "@ckeditor/ckeditor5-utils": "^25.0.0",
        "@ckeditor/ckeditor5-widget": "^25.0.0"
      }
    },
    "@ckeditor/ckeditor5-typing": {
      "version": "25.0.0",
      "resolved": "https://registry.npmjs.org/@ckeditor/ckeditor5-typing/-/ckeditor5-typing-25.0.0.tgz",
      "integrity": "sha512-yTMFYMQds1KF1I+xr5r3za4Glm2PyEWMM1EIJ8GXQGGwVap3lH/Nzoo963tXi5xRjuJoKxmpaF2h64n+b1tAIg==",
      "requires": {
        "@ckeditor/ckeditor5-core": "^25.0.0",
        "@ckeditor/ckeditor5-engine": "^25.0.0",
        "@ckeditor/ckeditor5-utils": "^25.0.0",
        "lodash-es": "^4.17.15"
      }
    },
    "@ckeditor/ckeditor5-ui": {
      "version": "25.0.0",
      "resolved": "https://registry.npmjs.org/@ckeditor/ckeditor5-ui/-/ckeditor5-ui-25.0.0.tgz",
      "integrity": "sha512-q5mpk+KD7TbtmTKxG52dY+2MVI4Q/Ezs11hYVe0/BCBzJchEK+1IeRw+wxQ1LZwv3lJDmPvem0fWcFKJrDvDGA==",
      "requires": {
        "@ckeditor/ckeditor5-core": "^25.0.0",
        "@ckeditor/ckeditor5-utils": "^25.0.0",
        "lodash-es": "^4.17.15"
      }
    },
    "@ckeditor/ckeditor5-undo": {
      "version": "25.0.0",
      "resolved": "https://registry.npmjs.org/@ckeditor/ckeditor5-undo/-/ckeditor5-undo-25.0.0.tgz",
      "integrity": "sha512-BCVxqDwr4MzAknhiduL4DzpGhLMwLPdD9XLRyUdkCcrZtrF5bboju1MSztfRUsJn2xorvgHswvuuGR3hjocwtA==",
      "requires": {
        "@ckeditor/ckeditor5-core": "^25.0.0",
        "@ckeditor/ckeditor5-engine": "^25.0.0",
        "@ckeditor/ckeditor5-ui": "^25.0.0"
      }
    },
    "@ckeditor/ckeditor5-upload": {
      "version": "25.0.0",
      "resolved": "https://registry.npmjs.org/@ckeditor/ckeditor5-upload/-/ckeditor5-upload-25.0.0.tgz",
      "integrity": "sha512-nl0h86K++imTdKm3rTNJAMSptbAV8U7mnbf8TvJdEPiYUyfCu/2XHYhf8QykQOQTw/Crd2uuois16rRgMrJ7mw==",
      "requires": {
        "@ckeditor/ckeditor5-core": "^25.0.0",
        "@ckeditor/ckeditor5-ui": "^25.0.0",
        "@ckeditor/ckeditor5-utils": "^25.0.0"
      }
    },
    "@ckeditor/ckeditor5-utils": {
      "version": "25.0.0",
      "resolved": "https://registry.npmjs.org/@ckeditor/ckeditor5-utils/-/ckeditor5-utils-25.0.0.tgz",
      "integrity": "sha512-lY6eW3ViQDqwDNXdvH8A1Z6r045hf2MqETPE3Gl1p28EB1xwta1pxpYqa8UFsDB5akQ/uWsRkpg94AJjMBuJ+A==",
      "requires": {
        "lodash-es": "^4.17.15"
      }
    },
    "@ckeditor/ckeditor5-widget": {
      "version": "25.0.0",
      "resolved": "https://registry.npmjs.org/@ckeditor/ckeditor5-widget/-/ckeditor5-widget-25.0.0.tgz",
      "integrity": "sha512-UNy1POqCuN8J9AIoheOAu8DHChnbW3G/M5LtFU5DLrtHZt+vnpE2LHLsvgablqjNX/4SbbZ6t2Xgu3JRJuIoWw==",
      "requires": {
        "@ckeditor/ckeditor5-core": "^25.0.0",
        "@ckeditor/ckeditor5-engine": "^25.0.0",
        "@ckeditor/ckeditor5-typing": "^25.0.0",
        "@ckeditor/ckeditor5-ui": "^25.0.0",
        "@ckeditor/ckeditor5-utils": "^25.0.0",
        "lodash-es": "^4.17.15"
      }
    },
    "expand-tilde": {
      "version": "2.0.2",
      "resolved": "https://registry.npmjs.org/expand-tilde/-/expand-tilde-2.0.2.tgz",
      "integrity": "sha1-l+gBqgUt8CRU3kawK/YhZCzchQI=",
      "dev": true,
      "requires": {
        "homedir-polyfill": "^1.0.1"
      }
    },
    "global-prefix": {
      "version": "1.0.2",
      "resolved": "https://registry.npmjs.org/global-prefix/-/global-prefix-1.0.2.tgz",
      "integrity": "sha1-2/dDxsFJklk8ZVVoy2btMsASLr4=",
      "dev": true,
      "requires": {
        "expand-tilde": "^2.0.2",
        "homedir-polyfill": "^1.0.1",
        "ini": "^1.3.4",
        "is-windows": "^1.0.1",
        "which": "^1.2.14"
      }
    },
    "homedir-polyfill": {
      "version": "1.0.3",
      "resolved": "https://registry.npmjs.org/homedir-polyfill/-/homedir-polyfill-1.0.3.tgz",
      "integrity": "sha512-eSmmWE5bZTK2Nou4g0AI3zZ9rswp7GRKoKXS1BLUkvPviOqs4YTN1djQIqrXy9k5gEtdLPy86JjRwsNM9tnDcA==",
      "dev": true,
      "requires": {
        "parse-passwd": "^1.0.0"
      }
    },
    "ini": {
      "version": "1.3.8",
      "resolved": "https://registry.npmjs.org/ini/-/ini-1.3.8.tgz",
      "integrity": "sha512-JV/yugV2uzW5iMRSiZAyDtQd+nxtUnjeLt0acNdw98kKLrvuRVyB80tsREOE7yvGVgalhZ6RNXCmEHkUKBKxew==",
      "dev": true
    },
    "is-windows": {
      "version": "1.0.2",
      "resolved": "https://registry.npmjs.org/is-windows/-/is-windows-1.0.2.tgz",
      "integrity": "sha512-eXK1UInq2bPmjyX6e3VHIzMLobc4J94i4AWn+Hpq3OU5KkrRC96OAcR3PRJ/pGu6m8TRnBHP9dkXQVsT/COVIA==",
      "dev": true
    },
    "isexe": {
      "version": "2.0.0",
      "resolved": "https://registry.npmjs.org/isexe/-/isexe-2.0.0.tgz",
      "integrity": "sha1-6PvzdNxVb/iUehDcsFctYz8s+hA=",
      "dev": true
    },
    "lodash-es": {
      "version": "4.17.21",
      "resolved": "https://registry.npmjs.org/lodash-es/-/lodash-es-4.17.21.tgz",
      "integrity": "sha512-mKnC+QJ9pWVzv+C4/U3rRsHapFfHvQFoFB92e52xeyGMcX6/OlIl78je1u8vePzYZSkkogMPJ2yjxxsb89cxyw=="
    },
    "parse-passwd": {
      "version": "1.0.0",
      "resolved": "https://registry.npmjs.org/parse-passwd/-/parse-passwd-1.0.0.tgz",
      "integrity": "sha1-bVuTSkVpk7I9N/QKOC1vFmao5cY=",
      "dev": true
    },
    "resolve-dir": {
      "version": "1.0.1",
      "resolved": "https://registry.npmjs.org/resolve-dir/-/resolve-dir-1.0.1.tgz",
      "integrity": "sha1-eaQGRMNivoLybv/nOcm7U4IEb0M=",
      "dev": true,
      "requires": {
        "expand-tilde": "^2.0.0",
        "global-modules": "^1.0.0"
      },
      "dependencies": {
        "global-modules": {
          "version": "1.0.0",
          "resolved": "https://registry.npmjs.org/global-modules/-/global-modules-1.0.0.tgz",
          "integrity": "sha512-sKzpEkf11GpOFuw0Zzjzmt4B4UZwjOcG757PPvrfhxcLFbq0wpsgpOqxpxtxFiCG4DtG93M6XRVbF2oGdev7bg==",
          "dev": true,
          "requires": {
            "global-prefix": "^1.0.1",
            "is-windows": "^1.0.1",
            "resolve-dir": "^1.0.0"
          }
        }
      }
    },
    "which": {
      "version": "1.3.1",
      "resolved": "https://registry.npmjs.org/which/-/which-1.3.1.tgz",
      "integrity": "sha512-HxJdYWq1MTIQbJ3nw0cqssHoTNU267KlrDuGZ1WYlxDStUtKUhOaJmh112/TZmHxxUfuJqPXSOm7tDyas0OSIQ==",
      "dev": true,
      "requires": {
        "isexe": "^2.0.0"
      }
    }
  }
}
